
Microsoft Visual Studio Solution File, Format Version 12.00
# Visual Studio Version 16
VisualStudioVersion = 16.0.36422.26
MinimumVisualStudioVersion = 10.0.40219.1
Project("{2150E333-8FDC-42A3-9474-1A3956D46DE8}") = "Task0", "Task0", "{0E89F193-8738-42CF-8562-49891A29DBCA}"
EndProject
Project("{FAE04EC0-301F-11D3-BF4B-00C04F79EFBC}") = "Tyuiu.VoityukVT.Sprint0.Task0.V0", "Tyuiu.VoityukVT.Sprint0.Task0.V0\Tyuiu.VoityukVT.Sprint0.Task0.V0.csproj", "{8C726F0C-7FCF-4E82-B171-E6BDAABDCC56}"
EndProject
Global
	GlobalSection(SolutionConfigurationPlatforms) = preSolution
		Debug|Any CPU = Debug|Any CPU
		Release|Any CPU = Release|Any CPU
	EndGlobalSection
	GlobalSection(ProjectConfigurationPlatforms) = postSolution
		{8C726F0C-7FCF-4E82-B171-E6BDAABDCC56}.Debug|Any CPU.ActiveCfg = Debug|Any CPU
		{8C726F0C-7FCF-4E82-B171-E6BDAABDCC56}.Debug|Any CPU.Build.0 = Debug|Any CPU
		{8C726F0C-7FCF-4E82-B171-E6BDAABDCC56}.Release|Any CPU.ActiveCfg = Release|Any CPU
		{8C726F0C-7FCF-4E82-B171-E6BDAABDCC56}.Release|Any CPU.Build.0 = Release|Any CPU
	EndGlobalSection
	GlobalSection(SolutionProperties) = preSolution
		HideSolutionNode = FALSE
	EndGlobalSection
	GlobalSection(NestedProjects) = preSolution
		{8C726F0C-7FCF-4E82-B171-E6BDAABDCC56} = {0E89F193-8738-42CF-8562-49891A29DBCA}
	EndGlobalSection
	GlobalSection(ExtensibilityGlobals) = postSolution
		SolutionGuid = {A004343B-A830-4D83-8111-8A447DBB6CF9}
	EndGlobalSection
EndGlobal
