
Microsoft Visual Studio Solution File, Format Version 12.00
# Visual Studio Version 16
VisualStudioVersion = 16.0.36422.26
MinimumVisualStudioVersion = 10.0.40219.1
Project("{2150E333-8FDC-42A3-9474-1A3956D46DE8}") = "Task0", "Task0", "{0E89F193-8738-42CF-8562-49891A29DBCA}"
EndProject
Project("{FAE04EC0-301F-11D3-BF4B-00C04F79EFBC}") = "Tyuiu.VoityukVT.Sprint0.Task0.V0", "Tyuiu.VoityukVT.Sprint0.Task0.V0\Tyuiu.VoityukVT.Sprint0.Task0.V0.csproj", "{8C726F0C-7FCF-4E82-B171-E6BDAABDCC56}"
EndProject
Project("{2150E333-8FDC-42A3-9474-1A3956D46DE8}") = "Task1", "Task1", "{6E47E4F5-F3EA-4134-9FBB-F18103AD7A32}"
EndProject
Project("{FAE04EC0-301F-11D3-BF4B-00C04F79EFBC}") = "Tyuiu.VoityukVT.Sprint0.Task1.V0", "Tyuiu.VoityukVT.Sprint0.Task1.V0\Tyuiu.VoityukVT.Sprint0.Task1.V0.csproj", "{95B79477-14A6-41F4-A199-629FE5B0BD4B}"
EndProject
Project("{2150E333-8FDC-42A3-9474-1A3956D46DE8}") = "Task2", "Task2", "{DA001169-0100-4D05-8064-5737DAA7A4BB}"
EndProject
Project("{FAE04EC0-301F-11D3-BF4B-00C04F79EFBC}") = "Tyuiu.VoityukVT.Sprint0.Task2.V0", "Tyuiu.VoityukVT.Sprint0.Task2.V0\Tyuiu.VoityukVT.Sprint0.Task2.V0.csproj", "{1563B577-87E2-47FD-A400-ADCB7FAA4646}"
EndProject
Project("{FAE04EC0-301F-11D3-BF4B-00C04F79EFBC}") = "Tyuiu.VoityukVT.Sprint0.Task2.V0.Lib", "Tyuiu.VoityukVT.Sprint0.Task2.V0.Lib\Tyuiu.VoityukVT.Sprint0.Task2.V0.Lib.csproj", "{81050846-3019-4C68-BC0E-4F233D96BBE4}"
EndProject
Project("{FAE04EC0-301F-11D3-BF4B-00C04F79EFBC}") = "Tyuiu.VoityukVT.Sprint0.Task2.V0.Test", "Tyuiu.VoityukVT.Sprint0.Task2.V0.Test\Tyuiu.VoityukVT.Sprint0.Task2.V0.Test.csproj", "{2B074B8A-124F-45BA-B3B1-CCBF0639A04F}"
EndProject
Project("{2150E333-8FDC-42A3-9474-1A3956D46DE8}") = "Task3", "Task3", "{D2F88D91-FAAF-49E2-A4BF-FC9089047940}"
EndProject
Project("{FAE04EC0-301F-11D3-BF4B-00C04F79EFBC}") = "Tyuiu.VoityukVT.Sprint0.Task3.V0", "Tyuiu.VoityukVT.Sprint0.Task3.V0\Tyuiu.VoityukVT.Sprint0.Task3.V0.csproj", "{4BF8A548-3489-42CD-B01A-79E770865410}"
EndProject
Project("{FAE04EC0-301F-11D3-BF4B-00C04F79EFBC}") = "Tyuiu.VoityukVT.Sprint0.Task3.V0.Lib", "Tyuiu.VoityukVT.Sprint0.Task3.V0.Lib\Tyuiu.VoityukVT.Sprint0.Task3.V0.Lib.csproj", "{C9BD3E58-F0A4-41DF-8BBB-8247F06716B9}"
EndProject
Project("{FAE04EC0-301F-11D3-BF4B-00C04F79EFBC}") = "Tyuiu.VoityukVT.Sprint0.Task3.V0.Test", "Tyuiu.VoityukVT.Sprint0.Task3.V0.Test\Tyuiu.VoityukVT.Sprint0.Task3.V0.Test.csproj", "{EB3A9DC4-6090-4A86-A334-D6AD33FCE1F0}"
EndProject
Project("{2150E333-8FDC-42A3-9474-1A3956D46DE8}") = "Task4", "Task4", "{7B290BD7-F322-4E2A-9A8F-3D32AE4C70B9}"
EndProject
Project("{FAE04EC0-301F-11D3-BF4B-00C04F79EFBC}") = "Tyuiu.VoityukVT.Sprint0.Task4.V0", "Tyuiu.VoityukVT.Sprint0.Task4.V0\Tyuiu.VoityukVT.Sprint0.Task4.V0.csproj", "{0363FC04-922E-4032-9AB5-A4BC0A398A68}"
EndProject
Project("{FAE04EC0-301F-11D3-BF4B-00C04F79EFBC}") = "Tyuiu.VoityukVT.Sprint0.Task4.V0.Lib", "Tyuiu.VoityukVT.Sprint0.Task4.V0.Lib\Tyuiu.VoityukVT.Sprint0.Task4.V0.Lib.csproj", "{2F3BF867-5D16-4B21-B5CB-85E4417A9892}"
EndProject
Project("{FAE04EC0-301F-11D3-BF4B-00C04F79EFBC}") = "Tyuiu.VoityukVT.Sprint0.Task4.V0.Test", "Tyuiu.VoityukVT.Sprint0.Task4.V0.Test\Tyuiu.VoityukVT.Sprint0.Task4.V0.Test.csproj", "{F832A870-A728-40AB-8FD2-E8740DD2C8CA}"
EndProject
Global
	GlobalSection(SolutionConfigurationPlatforms) = preSolution
		Debug|Any CPU = Debug|Any CPU
		Release|Any CPU = Release|Any CPU
	EndGlobalSection
	GlobalSection(ProjectConfigurationPlatforms) = postSolution
		{8C726F0C-7FCF-4E82-B171-E6BDAABDCC56}.Debug|Any CPU.ActiveCfg = Debug|Any CPU
		{8C726F0C-7FCF-4E82-B171-E6BDAABDCC56}.Debug|Any CPU.Build.0 = Debug|Any CPU
		{8C726F0C-7FCF-4E82-B171-E6BDAABDCC56}.Release|Any CPU.ActiveCfg = Release|Any CPU
		{8C726F0C-7FCF-4E82-B171-E6BDAABDCC56}.Release|Any CPU.Build.0 = Release|Any CPU
		{95B79477-14A6-41F4-A199-629FE5B0BD4B}.Debug|Any CPU.ActiveCfg = Debug|Any CPU
		{95B79477-14A6-41F4-A199-629FE5B0BD4B}.Debug|Any CPU.Build.0 = Debug|Any CPU
		{95B79477-14A6-41F4-A199-629FE5B0BD4B}.Release|Any CPU.ActiveCfg = Release|Any CPU
		{95B79477-14A6-41F4-A199-629FE5B0BD4B}.Release|Any CPU.Build.0 = Release|Any CPU
		{1563B577-87E2-47FD-A400-ADCB7FAA4646}.Debug|Any CPU.ActiveCfg = Debug|Any CPU
		{1563B577-87E2-47FD-A400-ADCB7FAA4646}.Debug|Any CPU.Build.0 = Debug|Any CPU
		{1563B577-87E2-47FD-A400-ADCB7FAA4646}.Release|Any CPU.ActiveCfg = Release|Any CPU
		{1563B577-87E2-47FD-A400-ADCB7FAA4646}.Release|Any CPU.Build.0 = Release|Any CPU
		{81050846-3019-4C68-BC0E-4F233D96BBE4}.Debug|Any CPU.ActiveCfg = Debug|Any CPU
		{81050846-3019-4C68-BC0E-4F233D96BBE4}.Debug|Any CPU.Build.0 = Debug|Any CPU
		{81050846-3019-4C68-BC0E-4F233D96BBE4}.Release|Any CPU.ActiveCfg = Release|Any CPU
		{81050846-3019-4C68-BC0E-4F233D96BBE4}.Release|Any CPU.Build.0 = Release|Any CPU
		{2B074B8A-124F-45BA-B3B1-CCBF0639A04F}.Debug|Any CPU.ActiveCfg = Debug|Any CPU
		{2B074B8A-124F-45BA-B3B1-CCBF0639A04F}.Debug|Any CPU.Build.0 = Debug|Any CPU
		{2B074B8A-124F-45BA-B3B1-CCBF0639A04F}.Release|Any CPU.ActiveCfg = Release|Any CPU
		{2B074B8A-124F-45BA-B3B1-CCBF0639A04F}.Release|Any CPU.Build.0 = Release|Any CPU
		{4BF8A548-3489-42CD-B01A-79E770865410}.Debug|Any CPU.ActiveCfg = Debug|Any CPU
		{4BF8A548-3489-42CD-B01A-79E770865410}.Debug|Any CPU.Build.0 = Debug|Any CPU
		{4BF8A548-3489-42CD-B01A-79E770865410}.Release|Any CPU.ActiveCfg = Release|Any CPU
		{4BF8A548-3489-42CD-B01A-79E770865410}.Release|Any CPU.Build.0 = Release|Any CPU
		{C9BD3E58-F0A4-41DF-8BBB-8247F06716B9}.Debug|Any CPU.ActiveCfg = Debug|Any CPU
		{C9BD3E58-F0A4-41DF-8BBB-8247F06716B9}.Debug|Any CPU.Build.0 = Debug|Any CPU
		{C9BD3E58-F0A4-41DF-8BBB-8247F06716B9}.Release|Any CPU.ActiveCfg = Release|Any CPU
		{C9BD3E58-F0A4-41DF-8BBB-8247F06716B9}.Release|Any CPU.Build.0 = Release|Any CPU
		{EB3A9DC4-6090-4A86-A334-D6AD33FCE1F0}.Debug|Any CPU.ActiveCfg = Debug|Any CPU
		{EB3A9DC4-6090-4A86-A334-D6AD33FCE1F0}.Debug|Any CPU.Build.0 = Debug|Any CPU
		{EB3A9DC4-6090-4A86-A334-D6AD33FCE1F0}.Release|Any CPU.ActiveCfg = Release|Any CPU
		{EB3A9DC4-6090-4A86-A334-D6AD33FCE1F0}.Release|Any CPU.Build.0 = Release|Any CPU
		{0363FC04-922E-4032-9AB5-A4BC0A398A68}.Debug|Any CPU.ActiveCfg = Debug|Any CPU
		{0363FC04-922E-4032-9AB5-A4BC0A398A68}.Debug|Any CPU.Build.0 = Debug|Any CPU
		{0363FC04-922E-4032-9AB5-A4BC0A398A68}.Release|Any CPU.ActiveCfg = Release|Any CPU
		{0363FC04-922E-4032-9AB5-A4BC0A398A68}.Release|Any CPU.Build.0 = Release|Any CPU
		{2F3BF867-5D16-4B21-B5CB-85E4417A9892}.Debug|Any CPU.ActiveCfg = Debug|Any CPU
		{2F3BF867-5D16-4B21-B5CB-85E4417A9892}.Debug|Any CPU.Build.0 = Debug|Any CPU
		{2F3BF867-5D16-4B21-B5CB-85E4417A9892}.Release|Any CPU.ActiveCfg = Release|Any CPU
		{2F3BF867-5D16-4B21-B5CB-85E4417A9892}.Release|Any CPU.Build.0 = Release|Any CPU
		{F832A870-A728-40AB-8FD2-E8740DD2C8CA}.Debug|Any CPU.ActiveCfg = Debug|Any CPU
		{F832A870-A728-40AB-8FD2-E8740DD2C8CA}.Debug|Any CPU.Build.0 = Debug|Any CPU
		{F832A870-A728-40AB-8FD2-E8740DD2C8CA}.Release|Any CPU.ActiveCfg = Release|Any CPU
		{F832A870-A728-40AB-8FD2-E8740DD2C8CA}.Release|Any CPU.Build.0 = Release|Any CPU
	EndGlobalSection
	GlobalSection(SolutionProperties) = preSolution
		HideSolutionNode = FALSE
	EndGlobalSection
	GlobalSection(NestedProjects) = preSolution
		{8C726F0C-7FCF-4E82-B171-E6BDAABDCC56} = {0E89F193-8738-42CF-8562-49891A29DBCA}
		{95B79477-14A6-41F4-A199-629FE5B0BD4B} = {6E47E4F5-F3EA-4134-9FBB-F18103AD7A32}
		{1563B577-87E2-47FD-A400-ADCB7FAA4646} = {DA001169-0100-4D05-8064-5737DAA7A4BB}
		{81050846-3019-4C68-BC0E-4F233D96BBE4} = {DA001169-0100-4D05-8064-5737DAA7A4BB}
		{2B074B8A-124F-45BA-B3B1-CCBF0639A04F} = {DA001169-0100-4D05-8064-5737DAA7A4BB}
		{4BF8A548-3489-42CD-B01A-79E770865410} = {D2F88D91-FAAF-49E2-A4BF-FC9089047940}
		{C9BD3E58-F0A4-41DF-8BBB-8247F06716B9} = {D2F88D91-FAAF-49E2-A4BF-FC9089047940}
		{EB3A9DC4-6090-4A86-A334-D6AD33FCE1F0} = {D2F88D91-FAAF-49E2-A4BF-FC9089047940}
		{0363FC04-922E-4032-9AB5-A4BC0A398A68} = {7B290BD7-F322-4E2A-9A8F-3D32AE4C70B9}
		{2F3BF867-5D16-4B21-B5CB-85E4417A9892} = {7B290BD7-F322-4E2A-9A8F-3D32AE4C70B9}
		{F832A870-A728-40AB-8FD2-E8740DD2C8CA} = {7B290BD7-F322-4E2A-9A8F-3D32AE4C70B9}
	EndGlobalSection
	GlobalSection(ExtensibilityGlobals) = postSolution
		SolutionGuid = {A004343B-A830-4D83-8111-8A447DBB6CF9}
	EndGlobalSection
EndGlobal
